
Microsoft Visual Studio Solution File, Format Version 12.00
# Visual Studio Version 17
VisualStudioVersion = 17.11.35017.193
MinimumVisualStudioVersion = 10.0.40219.1
Project("{9A19103F-16F7-4668-BE54-9A1E7A4F7556}") = "Alaveri.Core", "Alaveri.Core\Alaveri.Core.csproj", "{137868E0-EF16-4486-8E68-0ECD7963FA41}"
EndProject
Project("{2150E333-8FDC-42A3-9474-1A3956D46DE8}") = "Solution Items", "Solution Items", "{72C6999D-485D-49C0-B19F-DF51CB5ECD15}"
	ProjectSection(SolutionItems) = preProject
		.editorconfig = .editorconfig
		Directory.Build.props = Directory.Build.props
	EndProjectSection
EndProject
Project("{FAE04EC0-301F-11D3-BF4B-00C04F79EFBC}") = "Alaveri.Avalonia", "Alaveri.Avalonia\Alaveri.Avalonia.csproj", "{5C95A6CB-F20F-4187-ACBC-0D132430BDCE}"
EndProject
Global
	GlobalSection(SolutionConfigurationPlatforms) = preSolution
		Debug|Any CPU = Debug|Any CPU
		Release|Any CPU = Release|Any CPU
	EndGlobalSection
	GlobalSection(ProjectConfigurationPlatforms) = postSolution
		{137868E0-EF16-4486-8E68-0ECD7963FA41}.Debug|Any CPU.ActiveCfg = Debug|Any CPU
		{137868E0-EF16-4486-8E68-0ECD7963FA41}.Debug|Any CPU.Build.0 = Debug|Any CPU
		{137868E0-EF16-4486-8E68-0ECD7963FA41}.Release|Any CPU.ActiveCfg = Release|Any CPU
		{137868E0-EF16-4486-8E68-0ECD7963FA41}.Release|Any CPU.Build.0 = Release|Any CPU
		{5C95A6CB-F20F-4187-ACBC-0D132430BDCE}.Debug|Any CPU.ActiveCfg = Debug|Any CPU
		{5C95A6CB-F20F-4187-ACBC-0D132430BDCE}.Debug|Any CPU.Build.0 = Debug|Any CPU
		{5C95A6CB-F20F-4187-ACBC-0D132430BDCE}.Release|Any CPU.ActiveCfg = Release|Any CPU
		{5C95A6CB-F20F-4187-ACBC-0D132430BDCE}.Release|Any CPU.Build.0 = Release|Any CPU
	EndGlobalSection
	GlobalSection(SolutionProperties) = preSolution
		HideSolutionNode = FALSE
	EndGlobalSection
	GlobalSection(ExtensibilityGlobals) = postSolution
		SolutionGuid = {4F858909-6364-40BF-937D-5ACDF291F048}
	EndGlobalSection
EndGlobal
